# @generated - this file is auto-generated by `mise lock` https://mise.jdx.dev/dev-tools/mise-lock.html

[[tools.hyperfine]]
version = "1.20.0"
backend = "aqua:sharkdp/hyperfine"

[tools.hyperfine."platforms.linux-arm64"]
checksum = "sha256:90875cb1db7a1d797c311174d061728361e58fc70e3b62262a00635ac3b1997c"
url = "https://github.com/sharkdp/hyperfine/releases/download/v1.20.0/hyperfine-v1.20.0-aarch64-unknown-linux-gnu.tar.gz"
url_api = "https://api.github.com/repos/sharkdp/hyperfine/releases/assets/317832112"

[tools.hyperfine."platforms.linux-x64"]
checksum = "sha256:3285ec7959285288137043dd81dce0dde056227018a8277532d9a364b4f03c2b"
url = "https://github.com/sharkdp/hyperfine/releases/download/v1.20.0/hyperfine-v1.20.0-x86_64-unknown-linux-musl.tar.gz"
url_api = "https://api.github.com/repos/sharkdp/hyperfine/releases/assets/317832008"

[tools.hyperfine."platforms.linux-x64-musl"]
checksum = "sha256:3285ec7959285288137043dd81dce0dde056227018a8277532d9a364b4f03c2b"
url = "https://github.com/sharkdp/hyperfine/releases/download/v1.20.0/hyperfine-v1.20.0-x86_64-unknown-linux-musl.tar.gz"
url_api = "https://api.github.com/repos/sharkdp/hyperfine/releases/assets/317832008"

[tools.hyperfine."platforms.macos-arm64"]
checksum = "sha256:f58d0b90993fadfa122a351428c469ce24afef3865f027f0e6e86f0830d088f1"
url = "https://github.com/sharkdp/hyperfine/releases/download/v1.20.0/hyperfine-v1.20.0-x86_64-apple-darwin.tar.gz"
url_api = "https://api.github.com/repos/sharkdp/hyperfine/releases/assets/317832526"

[tools.hyperfine."platforms.macos-x64"]
checksum = "sha256:f58d0b90993fadfa122a351428c469ce24afef3865f027f0e6e86f0830d088f1"
url = "https://github.com/sharkdp/hyperfine/releases/download/v1.20.0/hyperfine-v1.20.0-x86_64-apple-darwin.tar.gz"
url_api = "https://api.github.com/repos/sharkdp/hyperfine/releases/assets/317832526"

[tools.hyperfine."platforms.windows-x64"]
checksum = "sha256:2508c549b049b1d4342d08edc1cb42bfac169082b6e3069431b5bab9822dbb32"
url = "https://github.com/sharkdp/hyperfine/releases/download/v1.20.0/hyperfine-v1.20.0-x86_64-pc-windows-msvc.zip"
url_api = "https://api.github.com/repos/sharkdp/hyperfine/releases/assets/317832313"

[[tools.rust]]
version = "1.98.0"
backend = "core:rust"
